{
    "version": 3,
    "terraform_version": "0.11.0",
    "serial": 11,
    "lineage": "337666c4-d348-4dab-8a3c-3a26ae754ebd",
    "modules": [
        {
            "path": [
                "root"
            ],
            "outputs": {},
            "resources": {
                "aws_lambda_function.start_ec2": {
                    "type": "aws_lambda_function",
                    "depends_on": [
                        "null_resource.lambda"
                    ],
                    "primary": {
                        "id": "fngn-fqa-abba-startEC2",
                        "attributes": {
                            "arn": "arn:aws:lambda:us-west-1:224919220385:function:fngn-fqa-abba-startEC2",
                            "dead_letter_config.#": "0",
                            "description": "",
                            "environment.#": "0",
                            "filename": "lambda_func/start_ec2_upload.zip",
                            "function_name": "fngn-fqa-abba-startEC2",
                            "handler": "start_ec2.handler",
                            "id": "fngn-fqa-abba-startEC2",
                            "invoke_arn": "arn:aws:apigateway:us-west-1:lambda:path/2015-03-31/functions/arn:aws:lambda:us-west-1:224919220385:function:fngn-fqa-abba-startEC2/invocations",
                            "kms_key_arn": "",
                            "last_modified": "2018-01-31T19:30:36.518+0000",
                            "memory_size": "128",
                            "publish": "false",
                            "qualified_arn": "arn:aws:lambda:us-west-1:224919220385:function:fngn-fqa-abba-startEC2:$LATEST",
                            "reserved_concurrent_executions": "0",
                            "role": "arn:aws:iam::224919220385:role/eLambdaExecutionFinrAdmin",
                            "runtime": "python3.6",
                            "source_code_hash": "lJlGloKDKzLyLlhu76CAjVZlnSxLytk0ncLssgS2sYw=",
                            "tags.%": "0",
                            "timeout": "3",
                            "tracing_config.#": "1",
                            "tracing_config.0.mode": "PassThrough",
                            "version": "$LATEST",
                            "vpc_config.#": "0"
                        },
                        "meta": {},
                        "tainted": false
                    },
                    "deposed": [],
                    "provider": "provider.aws"
                },
                "aws_lambda_function.stop_ec2": {
                    "type": "aws_lambda_function",
                    "depends_on": [
                        "null_resource.lambda"
                    ],
                    "primary": {
                        "id": "fngn-fqa-abba-stopEC2",
                        "attributes": {
                            "arn": "arn:aws:lambda:us-west-1:224919220385:function:fngn-fqa-abba-stopEC2",
                            "dead_letter_config.#": "0",
                            "description": "",
                            "environment.#": "0",
                            "filename": "lambda_func/stop_ec2_upload.zip",
                            "function_name": "fngn-fqa-abba-stopEC2",
                            "handler": "stop_ec2.handler",
                            "id": "fngn-fqa-abba-stopEC2",
                            "invoke_arn": "arn:aws:apigateway:us-west-1:lambda:path/2015-03-31/functions/arn:aws:lambda:us-west-1:224919220385:function:fngn-fqa-abba-stopEC2/invocations",
                            "kms_key_arn": "",
                            "last_modified": "2018-01-31T19:30:36.018+0000",
                            "memory_size": "128",
                            "publish": "false",
                            "qualified_arn": "arn:aws:lambda:us-west-1:224919220385:function:fngn-fqa-abba-stopEC2:$LATEST",
                            "reserved_concurrent_executions": "0",
                            "role": "arn:aws:iam::224919220385:role/eLambdaExecutionFinrAdmin",
                            "runtime": "python3.6",
                            "source_code_hash": "PEFX/uaj5L+X9eVt9hrxAGO0Wbyu7Wy3k0w3YPzSdxw=",
                            "tags.%": "0",
                            "timeout": "3",
                            "tracing_config.#": "1",
                            "tracing_config.0.mode": "PassThrough",
                            "version": "$LATEST",
                            "vpc_config.#": "0"
                        },
                        "meta": {},
                        "tainted": false
                    },
                    "deposed": [],
                    "provider": "provider.aws"
                },
                "null_resource.lambda": {
                    "type": "null_resource",
                    "depends_on": [],
                    "primary": {
                        "id": "2740320315314200331",
                        "attributes": {
                            "id": "2740320315314200331"
                        },
                        "meta": {},
                        "tainted": false
                    },
                    "deposed": [],
                    "provider": "provider.null"
                }
            },
            "depends_on": []
        }
    ]
}
